// !$*UTF8*$!
{
	archiveVersion = 1;
	classes = {
	};
	objectVersion = 56;
	objects = {

/* Begin PBXBuildFile section */
		6092D6F72A5DF8160097C124 /* AppDelegate.swift in Sources */ = {isa = PBXBuildFile; fileRef = 6092D6F62A5DF8160097C124 /* AppDelegate.swift */; };
		6092D6F92A5DF8160097C124 /* SceneDelegate.swift in Sources */ = {isa = PBXBuildFile; fileRef = 6092D6F82A5DF8160097C124 /* SceneDelegate.swift */; };
		6092D6FB2A5DF8160097C124 /* HomeController.swift in Sources */ = {isa = PBXBuildFile; fileRef = 6092D6FA2A5DF8160097C124 /* HomeController.swift */; };
		6092D7002A5DF8170097C124 /* Assets.xcassets in Resources */ = {isa = PBXBuildFile; fileRef = 6092D6FF2A5DF8170097C124 /* Assets.xcassets */; };
		6092D7032A5DF8170097C124 /* LaunchScreen.storyboard in Resources */ = {isa = PBXBuildFile; fileRef = 6092D7012A5DF8170097C124 /* LaunchScreen.storyboard */; };
		6092D7112A5DFE4D0097C124 /* SwipeController.swift in Sources */ = {isa = PBXBuildFile; fileRef = 6092D7102A5DFE4D0097C124 /* SwipeController.swift */; };
		6092D7152A5DFE7E0097C124 /* SwipeItem.swift in Sources */ = {isa = PBXBuildFile; fileRef = 6092D7142A5DFE7E0097C124 /* SwipeItem.swift */; };
		6092D7182A5DFEA00097C124 /* SwipeCell.swift in Sources */ = {isa = PBXBuildFile; fileRef = 6092D7172A5DFEA00097C124 /* SwipeCell.swift */; };
		60BE45772A5EE91D0008B6F1 /* MobileNetV2.mlmodel in Sources */ = {isa = PBXBuildFile; fileRef = 60BE45762A5EE91D0008B6F1 /* MobileNetV2.mlmodel */; };
		60BE457A2A5EEA7F0008B6F1 /* ImageRecognitionService.swift in Sources */ = {isa = PBXBuildFile; fileRef = 60BE45792A5EEA7F0008B6F1 /* ImageRecognitionService.swift */; };
/* End PBXBuildFile section */

/* Begin PBXFileReference section */
		6092D6F32A5DF8160097C124 /* GuessThePhoto.app */ = {isa = PBXFileReference; explicitFileType = wrapper.application; includeInIndex = 0; path = GuessThePhoto.app; sourceTree = BUILT_PRODUCTS_DIR; };
		6092D6F62A5DF8160097C124 /* AppDelegate.swift */ = {isa = PBXFileReference; lastKnownFileType = sourcecode.swift; path = AppDelegate.swift; sourceTree = "<group>"; };
		6092D6F82A5DF8160097C124 /* SceneDelegate.swift */ = {isa = PBXFileReference; lastKnownFileType = sourcecode.swift; path = SceneDelegate.swift; sourceTree = "<group>"; };
		6092D6FA2A5DF8160097C124 /* HomeController.swift */ = {isa = PBXFileReference; lastKnownFileType = sourcecode.swift; path = HomeController.swift; sourceTree = "<group>"; };
		6092D6FF2A5DF8170097C124 /* Assets.xcassets */ = {isa = PBXFileReference; lastKnownFileType = folder.assetcatalog; path = Assets.xcassets; sourceTree = "<group>"; };
		6092D7022A5DF8170097C124 /* Base */ = {isa = PBXFileReference; lastKnownFileType = file.storyboard; name = Base; path = Base.lproj/LaunchScreen.storyboard; sourceTree = "<group>"; };
		6092D7042A5DF8170097C124 /* Info.plist */ = {isa = PBXFileReference; lastKnownFileType = text.plist.xml; path = Info.plist; sourceTree = "<group>"; };
		6092D7102A5DFE4D0097C124 /* SwipeController.swift */ = {isa = PBXFileReference; lastKnownFileType = sourcecode.swift; path = SwipeController.swift; sourceTree = "<group>"; };
		6092D7142A5DFE7E0097C124 /* SwipeItem.swift */ = {isa = PBXFileReference; lastKnownFileType = sourcecode.swift; path = SwipeItem.swift; sourceTree = "<group>"; };
		6092D7172A5DFEA00097C124 /* SwipeCell.swift */ = {isa = PBXFileReference; lastKnownFileType = sourcecode.swift; path = SwipeCell.swift; sourceTree = "<group>"; };
		60BE45762A5EE91D0008B6F1 /* MobileNetV2.mlmodel */ = {isa = PBXFileReference; lastKnownFileType = file.mlmodel; path = MobileNetV2.mlmodel; sourceTree = "<group>"; };
		60BE45792A5EEA7F0008B6F1 /* ImageRecognitionService.swift */ = {isa = PBXFileReference; lastKnownFileType = sourcecode.swift; path = ImageRecognitionService.swift; sourceTree = "<group>"; };
/* End PBXFileReference section */

/* Begin PBXFrameworksBuildPhase section */
		6092D6F02A5DF8160097C124 /* Frameworks */ = {
			isa = PBXFrameworksBuildPhase;
			buildActionMask = 2147483647;
			files = (
			);
			runOnlyForDeploymentPostprocessing = 0;
		};
/* End PBXFrameworksBuildPhase section */

/* Begin PBXGroup section */
		6092D6EA2A5DF8160097C124 = {
			isa = PBXGroup;
			children = (
				6092D6F52A5DF8160097C124 /* GuessThePhoto */,
				6092D6F42A5DF8160097C124 /* Products */,
			);
			sourceTree = "<group>";
		};
		6092D6F42A5DF8160097C124 /* Products */ = {
			isa = PBXGroup;
			children = (
				6092D6F32A5DF8160097C124 /* GuessThePhoto.app */,
			);
			name = Products;
			sourceTree = "<group>";
		};
		6092D6F52A5DF8160097C124 /* GuessThePhoto */ = {
			isa = PBXGroup;
			children = (
				6092D70C2A5DFE0F0097C124 /* Screen */,
				6092D70B2A5DFDEC0097C124 /* Sources */,
				6092D70A2A5DFDB80097C124 /* Scene */,
				6092D7042A5DF8170097C124 /* Info.plist */,
				60BE45762A5EE91D0008B6F1 /* MobileNetV2.mlmodel */,
			);
			path = GuessThePhoto;
			sourceTree = "<group>";
		};
		6092D70A2A5DFDB80097C124 /* Scene */ = {
			isa = PBXGroup;
			children = (
				6092D70E2A5DFE2B0097C124 /* Onboarding */,
				6092D70D2A5DFE270097C124 /* Home */,
			);
			path = Scene;
			sourceTree = "<group>";
		};
		6092D70B2A5DFDEC0097C124 /* Sources */ = {
			isa = PBXGroup;
			children = (
				6092D6F62A5DF8160097C124 /* AppDelegate.swift */,
				6092D6F82A5DF8160097C124 /* SceneDelegate.swift */,
			);
			path = Sources;
			sourceTree = "<group>";
		};
		6092D70C2A5DFE0F0097C124 /* Screen */ = {
			isa = PBXGroup;
			children = (
				6092D6FF2A5DF8170097C124 /* Assets.xcassets */,
				6092D7012A5DF8170097C124 /* LaunchScreen.storyboard */,
			);
			path = Screen;
			sourceTree = "<group>";
		};
		6092D70D2A5DFE270097C124 /* Home */ = {
			isa = PBXGroup;
			children = (
				60BE45782A5EEA750008B6F1 /* Service */,
				6092D6FA2A5DF8160097C124 /* HomeController.swift */,
			);
			path = Home;
			sourceTree = "<group>";
		};
		6092D70E2A5DFE2B0097C124 /* Onboarding */ = {
			isa = PBXGroup;
			children = (
				6092D7162A5DFE980097C124 /* View */,
				6092D7132A5DFE780097C124 /* Model */,
				6092D70F2A5DFE460097C124 /* Controller */,
			);
			path = Onboarding;
			sourceTree = "<group>";
		};
		6092D70F2A5DFE460097C124 /* Controller */ = {
			isa = PBXGroup;
			children = (
				6092D7102A5DFE4D0097C124 /* SwipeController.swift */,
			);
			path = Controller;
			sourceTree = "<group>";
		};
		6092D7132A5DFE780097C124 /* Model */ = {
			isa = PBXGroup;
			children = (
				6092D7142A5DFE7E0097C124 /* SwipeItem.swift */,
			);
			path = Model;
			sourceTree = "<group>";
		};
		6092D7162A5DFE980097C124 /* View */ = {
			isa = PBXGroup;
			children = (
				6092D7172A5DFEA00097C124 /* SwipeCell.swift */,
			);
			name = View;
			path = "Vİew";
			sourceTree = "<group>";
		};
		60BE45782A5EEA750008B6F1 /* Service */ = {
			isa = PBXGroup;
			children = (
				60BE45792A5EEA7F0008B6F1 /* ImageRecognitionService.swift */,
			);
			path = Service;
			sourceTree = "<group>";
		};
/* End PBXGroup section */

/* Begin PBXNativeTarget section */
		6092D6F22A5DF8160097C124 /* GuessThePhoto */ = {
			isa = PBXNativeTarget;
			buildConfigurationList = 6092D7072A5DF8170097C124 /* Build configuration list for PBXNativeTarget "GuessThePhoto" */;
			buildPhases = (
				6092D6EF2A5DF8160097C124 /* Sources */,
				6092D6F02A5DF8160097C124 /* Frameworks */,
				6092D6F12A5DF8160097C124 /* Resources */,
			);
			buildRules = (
			);
			dependencies = (
			);
			name = GuessThePhoto;
			productName = GuessThePhoto;
			productReference = 6092D6F32A5DF8160097C124 /* GuessThePhoto.app */;
			productType = "com.apple.product-type.application";
		};
/* End PBXNativeTarget section */

/* Begin PBXProject section */
		6092D6EB2A5DF8160097C124 /* Project object */ = {
			isa = PBXProject;
			attributes = {
				BuildIndependentTargetsInParallel = 1;
				LastSwiftUpdateCheck = 1430;
				LastUpgradeCheck = 1430;
				TargetAttributes = {
					6092D6F22A5DF8160097C124 = {
						CreatedOnToolsVersion = 14.3;
					};
				};
			};
			buildConfigurationList = 6092D6EE2A5DF8160097C124 /* Build configuration list for PBXProject "GuessThePhoto" */;
			compatibilityVersion = "Xcode 14.0";
			developmentRegion = en;
			hasScannedForEncodings = 0;
			knownRegions = (
				en,
				Base,
			);
			mainGroup = 6092D6EA2A5DF8160097C124;
			productRefGroup = 6092D6F42A5DF8160097C124 /* Products */;
			projectDirPath = "";
			projectRoot = "";
			targets = (
				6092D6F22A5DF8160097C124 /* GuessThePhoto */,
			);
		};
/* End PBXProject section */

/* Begin PBXResourcesBuildPhase section */
		6092D6F12A5DF8160097C124 /* Resources */ = {
			isa = PBXResourcesBuildPhase;
			buildActionMask = 2147483647;
			files = (
				6092D7032A5DF8170097C124 /* LaunchScreen.storyboard in Resources */,
				6092D7002A5DF8170097C124 /* Assets.xcassets in Resources */,
			);
			runOnlyForDeploymentPostprocessing = 0;
		};
/* End PBXResourcesBuildPhase section */

/* Begin PBXSourcesBuildPhase section */
		6092D6EF2A5DF8160097C124 /* Sources */ = {
			isa = PBXSourcesBuildPhase;
			buildActionMask = 2147483647;
			files = (
				60BE45772A5EE91D0008B6F1 /* MobileNetV2.mlmodel in Sources */,
				6092D7112A5DFE4D0097C124 /* SwipeController.swift in Sources */,
				6092D7152A5DFE7E0097C124 /* SwipeItem.swift in Sources */,
				6092D7182A5DFEA00097C124 /* SwipeCell.swift in Sources */,
				6092D6FB2A5DF8160097C124 /* HomeController.swift in Sources */,
				60BE457A2A5EEA7F0008B6F1 /* ImageRecognitionService.swift in Sources */,
				6092D6F72A5DF8160097C124 /* AppDelegate.swift in Sources */,
				6092D6F92A5DF8160097C124 /* SceneDelegate.swift in Sources */,
			);
			runOnlyForDeploymentPostprocessing = 0;
		};
/* End PBXSourcesBuildPhase section */

/* Begin PBXVariantGroup section */
		6092D7012A5DF8170097C124 /* LaunchScreen.storyboard */ = {
			isa = PBXVariantGroup;
			children = (
				6092D7022A5DF8170097C124 /* Base */,
			);
			name = LaunchScreen.storyboard;
			sourceTree = "<group>";
		};
/* End PBXVariantGroup section */

/* Begin XCBuildConfiguration section */
		6092D7052A5DF8170097C124 /* Debug */ = {
			isa = XCBuildConfiguration;
			buildSettings = {
				ALWAYS_SEARCH_USER_PATHS = NO;
				CLANG_ANALYZER_NONNULL = YES;
				CLANG_ANALYZER_NUMBER_OBJECT_CONVERSION = YES_AGGRESSIVE;
				CLANG_CXX_LANGUAGE_STANDARD = "gnu++20";
				CLANG_ENABLE_MODULES = YES;
				CLANG_ENABLE_OBJC_ARC = YES;
				CLANG_ENABLE_OBJC_WEAK = YES;
				CLANG_WARN_BLOCK_CAPTURE_AUTORELEASING = YES;
				CLANG_WARN_BOOL_CONVERSION = YES;
				CLANG_WARN_COMMA = YES;
				CLANG_WARN_CONSTANT_CONVERSION = YES;
				CLANG_WARN_DEPRECATED_OBJC_IMPLEMENTATIONS = YES;
				CLANG_WARN_DIRECT_OBJC_ISA_USAGE = YES_ERROR;
				CLANG_WARN_DOCUMENTATION_COMMENTS = YES;
				CLANG_WARN_EMPTY_BODY = YES;
				CLANG_WARN_ENUM_CONVERSION = YES;
				CLANG_WARN_INFINITE_RECURSION = YES;
				CLANG_WARN_INT_CONVERSION = YES;
				CLANG_WARN_NON_LITERAL_NULL_CONVERSION = YES;
				CLANG_WARN_OBJC_IMPLICIT_RETAIN_SELF = YES;
				CLANG_WARN_OBJC_LITERAL_CONVERSION = YES;
				CLANG_WARN_OBJC_ROOT_CLASS = YES_ERROR;
				CLANG_WARN_QUOTED_INCLUDE_IN_FRAMEWORK_HEADER = YES;
				CLANG_WARN_RANGE_LOOP_ANALYSIS = YES;
				CLANG_WARN_STRICT_PROTOTYPES = YES;
				CLANG_WARN_SUSPICIOUS_MOVE = YES;
				CLANG_WARN_UNGUARDED_AVAILABILITY = YES_AGGRESSIVE;
				CLANG_WARN_UNREACHABLE_CODE = YES;
				CLANG_WARN__DUPLICATE_METHOD_MATCH = YES;
				COPY_PHASE_STRIP = NO;
				DEBUG_INFORMATION_FORMAT = dwarf;
				ENABLE_STRICT_OBJC_MSGSEND = YES;
				ENABLE_TESTABILITY = YES;
				GCC_C_LANGUAGE_STANDARD = gnu11;
				GCC_DYNAMIC_NO_PIC = NO;
				GCC_NO_COMMON_BLOCKS = YES;
				GCC_OPTIMIZATION_LEVEL = 0;
				GCC_PREPROCESSOR_DEFINITIONS = (
					"DEBUG=1",
					"$(inherited)",
				);
				GCC_WARN_64_TO_32_BIT_CONVERSION = YES;
				GCC_WARN_ABOUT_RETURN_TYPE = YES_ERROR;
				GCC_WARN_UNDECLARED_SELECTOR = YES;
				GCC_WARN_UNINITIALIZED_AUTOS = YES_AGGRESSIVE;
				GCC_WARN_UNUSED_FUNCTION = YES;
				GCC_WARN_UNUSED_VARIABLE = YES;
				IPHONEOS_DEPLOYMENT_TARGET = 16.4;
				MTL_ENABLE_DEBUG_INFO = INCLUDE_SOURCE;
				MTL_FAST_MATH = YES;
				ONLY_ACTIVE_ARCH = YES;
				SDKROOT = iphoneos;
				SWIFT_ACTIVE_COMPILATION_CONDITIONS = DEBUG;
				SWIFT_OPTIMIZATION_LEVEL = "-Onone";
			};
			name = Debug;
		};
		6092D7062A5DF8170097C124 /* Release */ = {
			isa = XCBuildConfiguration;
			buildSettings = {
				ALWAYS_SEARCH_USER_PATHS = NO;
				CLANG_ANALYZER_NONNULL = YES;
				CLANG_ANALYZER_NUMBER_OBJECT_CONVERSION = YES_AGGRESSIVE;
				CLANG_CXX_LANGUAGE_STANDARD = "gnu++20";
				CLANG_ENABLE_MODULES = YES;
				CLANG_ENABLE_OBJC_ARC = YES;
				CLANG_ENABLE_OBJC_WEAK = YES;
				CLANG_WARN_BLOCK_CAPTURE_AUTORELEASING = YES;
				CLANG_WARN_BOOL_CONVERSION = YES;
				CLANG_WARN_COMMA = YES;
				CLANG_WARN_CONSTANT_CONVERSION = YES;
				CLANG_WARN_DEPRECATED_OBJC_IMPLEMENTATIONS = YES;
				CLANG_WARN_DIRECT_OBJC_ISA_USAGE = YES_ERROR;
				CLANG_WARN_DOCUMENTATION_COMMENTS = YES;
				CLANG_WARN_EMPTY_BODY = YES;
				CLANG_WARN_ENUM_CONVERSION = YES;
				CLANG_WARN_INFINITE_RECURSION = YES;
				CLANG_WARN_INT_CONVERSION = YES;
				CLANG_WARN_NON_LITERAL_NULL_CONVERSION = YES;
				CLANG_WARN_OBJC_IMPLICIT_RETAIN_SELF = YES;
				CLANG_WARN_OBJC_LITERAL_CONVERSION = YES;
				CLANG_WARN_OBJC_ROOT_CLASS = YES_ERROR;
				CLANG_WARN_QUOTED_INCLUDE_IN_FRAMEWORK_HEADER = YES;
				CLANG_WARN_RANGE_LOOP_ANALYSIS = YES;
				CLANG_WARN_STRICT_PROTOTYPES = YES;
				CLANG_WARN_SUSPICIOUS_MOVE = YES;
				CLANG_WARN_UNGUARDED_AVAILABILITY = YES_AGGRESSIVE;
				CLANG_WARN_UNREACHABLE_CODE = YES;
				CLANG_WARN__DUPLICATE_METHOD_MATCH = YES;
				COPY_PHASE_STRIP = NO;
				DEBUG_INFORMATION_FORMAT = "dwarf-with-dsym";
				ENABLE_NS_ASSERTIONS = NO;
				ENABLE_STRICT_OBJC_MSGSEND = YES;
				GCC_C_LANGUAGE_STANDARD = gnu11;
				GCC_NO_COMMON_BLOCKS = YES;
				GCC_WARN_64_TO_32_BIT_CONVERSION = YES;
				GCC_WARN_ABOUT_RETURN_TYPE = YES_ERROR;
				GCC_WARN_UNDECLARED_SELECTOR = YES;
				GCC_WARN_UNINITIALIZED_AUTOS = YES_AGGRESSIVE;
				GCC_WARN_UNUSED_FUNCTION = YES;
				GCC_WARN_UNUSED_VARIABLE = YES;
				IPHONEOS_DEPLOYMENT_TARGET = 16.4;
				MTL_ENABLE_DEBUG_INFO = NO;
				MTL_FAST_MATH = YES;
				SDKROOT = iphoneos;
				SWIFT_COMPILATION_MODE = wholemodule;
				SWIFT_OPTIMIZATION_LEVEL = "-O";
				VALIDATE_PRODUCT = YES;
			};
			name = Release;
		};
		6092D7082A5DF8170097C124 /* Debug */ = {
			isa = XCBuildConfiguration;
			buildSettings = {
				ASSETCATALOG_COMPILER_APPICON_NAME = AppIcon;
				ASSETCATALOG_COMPILER_GLOBAL_ACCENT_COLOR_NAME = AccentColor;
				CODE_SIGN_STYLE = Automatic;
				CURRENT_PROJECT_VERSION = 1;
				DEVELOPMENT_TEAM = WL3K4A7DH8;
				GENERATE_INFOPLIST_FILE = YES;
				INFOPLIST_FILE = GuessThePhoto/Info.plist;
				INFOPLIST_KEY_UIApplicationSupportsIndirectInputEvents = YES;
				INFOPLIST_KEY_UILaunchStoryboardName = LaunchScreen;
				INFOPLIST_KEY_UISupportedInterfaceOrientations_iPad = "UIInterfaceOrientationPortrait UIInterfaceOrientationPortraitUpsideDown UIInterfaceOrientationLandscapeLeft UIInterfaceOrientationLandscapeRight";
				INFOPLIST_KEY_UISupportedInterfaceOrientations_iPhone = "UIInterfaceOrientationPortrait UIInterfaceOrientationLandscapeLeft UIInterfaceOrientationLandscapeRight";
				IPHONEOS_DEPLOYMENT_TARGET = 15.0;
				LD_RUNPATH_SEARCH_PATHS = (
					"$(inherited)",
					"@executable_path/Frameworks",
				);
				MARKETING_VERSION = 1.0;
				PRODUCT_BUNDLE_IDENTIFIER = com.barisdilekci.GuessThePhoto;
				PRODUCT_NAME = "$(TARGET_NAME)";
				SWIFT_EMIT_LOC_STRINGS = YES;
				SWIFT_VERSION = 5.0;
				TARGETED_DEVICE_FAMILY = "1,2";
			};
			name = Debug;
		};
		6092D7092A5DF8170097C124 /* Release */ = {
			isa = XCBuildConfiguration;
			buildSettings = {
				ASSETCATALOG_COMPILER_APPICON_NAME = AppIcon;
				ASSETCATALOG_COMPILER_GLOBAL_ACCENT_COLOR_NAME = AccentColor;
				CODE_SIGN_STYLE = Automatic;
				CURRENT_PROJECT_VERSION = 1;
				DEVELOPMENT_TEAM = WL3K4A7DH8;
				GENERATE_INFOPLIST_FILE = YES;
				INFOPLIST_FILE = GuessThePhoto/Info.plist;
				INFOPLIST_KEY_UIApplicationSupportsIndirectInputEvents = YES;
				INFOPLIST_KEY_UILaunchStoryboardName = LaunchScreen;
				INFOPLIST_KEY_UISupportedInterfaceOrientations_iPad = "UIInterfaceOrientationPortrait UIInterfaceOrientationPortraitUpsideDown UIInterfaceOrientationLandscapeLeft UIInterfaceOrientationLandscapeRight";
				INFOPLIST_KEY_UISupportedInterfaceOrientations_iPhone = "UIInterfaceOrientationPortrait UIInterfaceOrientationLandscapeLeft UIInterfaceOrientationLandscapeRight";
				IPHONEOS_DEPLOYMENT_TARGET = 15.0;
				LD_RUNPATH_SEARCH_PATHS = (
					"$(inherited)",
					"@executable_path/Frameworks",
				);
				MARKETING_VERSION = 1.0;
				PRODUCT_BUNDLE_IDENTIFIER = com.barisdilekci.GuessThePhoto;
				PRODUCT_NAME = "$(TARGET_NAME)";
				SWIFT_EMIT_LOC_STRINGS = YES;
				SWIFT_VERSION = 5.0;
				TARGETED_DEVICE_FAMILY = "1,2";
			};
			name = Release;
		};
/* End XCBuildConfiguration section */

/* Begin XCConfigurationList section */
		6092D6EE2A5DF8160097C124 /* Build configuration list for PBXProject "GuessThePhoto" */ = {
			isa = XCConfigurationList;
			buildConfigurations = (
				6092D7052A5DF8170097C124 /* Debug */,
				6092D7062A5DF8170097C124 /* Release */,
			);
			defaultConfigurationIsVisible = 0;
			defaultConfigurationName = Release;
		};
		6092D7072A5DF8170097C124 /* Build configuration list for PBXNativeTarget "GuessThePhoto" */ = {
			isa = XCConfigurationList;
			buildConfigurations = (
				6092D7082A5DF8170097C124 /* Debug */,
				6092D7092A5DF8170097C124 /* Release */,
			);
			defaultConfigurationIsVisible = 0;
			defaultConfigurationName = Release;
		};
/* End XCConfigurationList section */
	};
	rootObject = 6092D6EB2A5DF8160097C124 /* Project object */;
}
